// !$*UTF8*$!
{
	archiveVersion = 1;
	classes = {
	};
	objectVersion = 50;
	objects = {

/* Begin PBXBuildFile section */
		3E26D88A819EFC1A305EC694 /* Pods_GyroTest.framework in Frameworks */ = {isa = PBXBuildFile; fileRef = 069F8518CB6FF96BBE245535 /* Pods_GyroTest.framework */; };
		E7EC317E228846B10063CBE9 /* AppDelegate.swift in Sources */ = {isa = PBXBuildFile; fileRef = E7EC317D228846B10063CBE9 /* AppDelegate.swift */; };
		E7EC3180228846B10063CBE9 /* ViewController.swift in Sources */ = {isa = PBXBuildFile; fileRef = E7EC317F228846B10063CBE9 /* ViewController.swift */; };
		E7EC3183228846B10063CBE9 /* Main.storyboard in Resources */ = {isa = PBXBuildFile; fileRef = E7EC3181228846B10063CBE9 /* Main.storyboard */; };
		E7EC3185228846B20063CBE9 /* Assets.xcassets in Resources */ = {isa = PBXBuildFile; fileRef = E7EC3184228846B20063CBE9 /* Assets.xcassets */; };
		E7EC3188228846B20063CBE9 /* LaunchScreen.storyboard in Resources */ = {isa = PBXBuildFile; fileRef = E7EC3186228846B20063CBE9 /* LaunchScreen.storyboard */; };
/* End PBXBuildFile section */

/* Begin PBXFileReference section */
		069F8518CB6FF96BBE245535 /* Pods_GyroTest.framework */ = {isa = PBXFileReference; explicitFileType = wrapper.framework; includeInIndex = 0; path = Pods_GyroTest.framework; sourceTree = BUILT_PRODUCTS_DIR; };
		21C5CB4919729FC38D873312 /* Pods-GyroTest.debug.xcconfig */ = {isa = PBXFileReference; includeInIndex = 1; lastKnownFileType = text.xcconfig; name = "Pods-GyroTest.debug.xcconfig"; path = "Target Support Files/Pods-GyroTest/Pods-GyroTest.debug.xcconfig"; sourceTree = "<group>"; };
		9A6BB6F3C27BD51E42CF61AC /* Pods-GyroTest.release.xcconfig */ = {isa = PBXFileReference; includeInIndex = 1; lastKnownFileType = text.xcconfig; name = "Pods-GyroTest.release.xcconfig"; path = "Target Support Files/Pods-GyroTest/Pods-GyroTest.release.xcconfig"; sourceTree = "<group>"; };
		E7EC317A228846B10063CBE9 /* GyroTest.app */ = {isa = PBXFileReference; explicitFileType = wrapper.application; includeInIndex = 0; path = GyroTest.app; sourceTree = BUILT_PRODUCTS_DIR; };
		E7EC317D228846B10063CBE9 /* AppDelegate.swift */ = {isa = PBXFileReference; lastKnownFileType = sourcecode.swift; path = AppDelegate.swift; sourceTree = "<group>"; };
		E7EC317F228846B10063CBE9 /* ViewController.swift */ = {isa = PBXFileReference; lastKnownFileType = sourcecode.swift; path = ViewController.swift; sourceTree = "<group>"; };
		E7EC3182228846B10063CBE9 /* Base */ = {isa = PBXFileReference; lastKnownFileType = file.storyboard; name = Base; path = Base.lproj/Main.storyboard; sourceTree = "<group>"; };
		E7EC3184228846B20063CBE9 /* Assets.xcassets */ = {isa = PBXFileReference; lastKnownFileType = folder.assetcatalog; path = Assets.xcassets; sourceTree = "<group>"; };
		E7EC3187228846B20063CBE9 /* Base */ = {isa = PBXFileReference; lastKnownFileType = file.storyboard; name = Base; path = Base.lproj/LaunchScreen.storyboard; sourceTree = "<group>"; };
		E7EC3189228846B20063CBE9 /* Info.plist */ = {isa = PBXFileReference; lastKnownFileType = text.plist.xml; path = Info.plist; sourceTree = "<group>"; };
/* End PBXFileReference section */

/* Begin PBXFrameworksBuildPhase section */
		E7EC3177228846B10063CBE9 /* Frameworks */ = {
			isa = PBXFrameworksBuildPhase;
			buildActionMask = 2147483647;
			files = (
				3E26D88A819EFC1A305EC694 /* Pods_GyroTest.framework in Frameworks */,
			);
			runOnlyForDeploymentPostprocessing = 0;
		};
/* End PBXFrameworksBuildPhase section */

/* Begin PBXGroup section */
		315AAE96B9A2A651EC2B4357 /* Pods */ = {
			isa = PBXGroup;
			children = (
				21C5CB4919729FC38D873312 /* Pods-GyroTest.debug.xcconfig */,
				9A6BB6F3C27BD51E42CF61AC /* Pods-GyroTest.release.xcconfig */,
			);
			path = Pods;
			sourceTree = "<group>";
		};
		7889497DD833B0E67DF4CF82 /* Frameworks */ = {
			isa = PBXGroup;
			children = (
				069F8518CB6FF96BBE245535 /* Pods_GyroTest.framework */,
			);
			name = Frameworks;
			sourceTree = "<group>";
		};
		E7EC3171228846B10063CBE9 = {
			isa = PBXGroup;
			children = (
				E7EC31B12289D3120063CBE9 /* NewGroupe */,
				E7EC317C228846B10063CBE9 /* GyroTest */,
				E7EC317B228846B10063CBE9 /* Products */,
				315AAE96B9A2A651EC2B4357 /* Pods */,
				7889497DD833B0E67DF4CF82 /* Frameworks */,
			);
			sourceTree = "<group>";
		};
		E7EC317B228846B10063CBE9 /* Products */ = {
			isa = PBXGroup;
			children = (
				E7EC317A228846B10063CBE9 /* GyroTest.app */,
			);
			name = Products;
			sourceTree = "<group>";
		};
		E7EC317C228846B10063CBE9 /* GyroTest */ = {
			isa = PBXGroup;
			children = (
				E7EC317D228846B10063CBE9 /* AppDelegate.swift */,
				E7EC317F228846B10063CBE9 /* ViewController.swift */,
				E7EC3181228846B10063CBE9 /* Main.storyboard */,
				E7EC3184228846B20063CBE9 /* Assets.xcassets */,
				E7EC3186228846B20063CBE9 /* LaunchScreen.storyboard */,
				E7EC3189228846B20063CBE9 /* Info.plist */,
			);
			path = GyroTest;
			sourceTree = "<group>";
		};
		E7EC31B12289D3120063CBE9 /* NewGroupe */ = {
			isa = PBXGroup;
			children = (
			);
			path = NewGroupe;
			sourceTree = "<group>";
		};
/* End PBXGroup section */

/* Begin PBXNativeTarget section */
		E7EC3179228846B10063CBE9 /* GyroTest */ = {
			isa = PBXNativeTarget;
			buildConfigurationList = E7EC318C228846B20063CBE9 /* Build configuration list for PBXNativeTarget "GyroTest" */;
			buildPhases = (
				9AE0D5E1EA087E9B8699F270 /* [CP] Check Pods Manifest.lock */,
				E7EC3176228846B10063CBE9 /* Sources */,
				E7EC3177228846B10063CBE9 /* Frameworks */,
				E7EC3178228846B10063CBE9 /* Resources */,
				8F84196230BF1D3DD7B19DB8 /* [CP] Embed Pods Frameworks */,
			);
			buildRules = (
			);
			dependencies = (
			);
			name = GyroTest;
			productName = GyroTest;
			productReference = E7EC317A228846B10063CBE9 /* GyroTest.app */;
			productType = "com.apple.product-type.application";
		};
/* End PBXNativeTarget section */

/* Begin PBXProject section */
		E7EC3172228846B10063CBE9 /* Project object */ = {
			isa = PBXProject;
			attributes = {
				LastSwiftUpdateCheck = 1020;
				LastUpgradeCheck = 1020;
				ORGANIZATIONNAME = "Keisuke Ueda";
				TargetAttributes = {
					E7EC3179228846B10063CBE9 = {
						CreatedOnToolsVersion = 10.2.1;
					};
				};
			};
			buildConfigurationList = E7EC3175228846B10063CBE9 /* Build configuration list for PBXProject "GyroTest" */;
			compatibilityVersion = "Xcode 9.3";
			developmentRegion = en;
			hasScannedForEncodings = 0;
			knownRegions = (
				en,
				Base,
			);
			mainGroup = E7EC3171228846B10063CBE9;
			productRefGroup = E7EC317B228846B10063CBE9 /* Products */;
			projectDirPath = "";
			projectRoot = "";
			targets = (
				E7EC3179228846B10063CBE9 /* GyroTest */,
			);
		};
/* End PBXProject section */

/* Begin PBXResourcesBuildPhase section */
		E7EC3178228846B10063CBE9 /* Resources */ = {
			isa = PBXResourcesBuildPhase;
			buildActionMask = 2147483647;
			files = (
				E7EC3188228846B20063CBE9 /* LaunchScreen.storyboard in Resources */,
				E7EC3185228846B20063CBE9 /* Assets.xcassets in Resources */,
				E7EC3183228846B10063CBE9 /* Main.storyboard in Resources */,
			);
			runOnlyForDeploymentPostprocessing = 0;
		};
/* End PBXResourcesBuildPhase section */

/* Begin PBXShellScriptBuildPhase section */
		8F84196230BF1D3DD7B19DB8 /* [CP] Embed Pods Frameworks */ = {
			isa = PBXShellScriptBuildPhase;
			buildActionMask = 2147483647;
			files = (
			);
			inputFileListPaths = (
			);
			inputPaths = (
				"${PODS_ROOT}/Target Support Files/Pods-GyroTest/Pods-GyroTest-frameworks.sh",
				"${BUILT_PRODUCTS_DIR}/Charts/Charts.framework",
			);
			name = "[CP] Embed Pods Frameworks";
			outputFileListPaths = (
			);
			outputPaths = (
				"${TARGET_BUILD_DIR}/${FRAMEWORKS_FOLDER_PATH}/Charts.framework",
			);
			runOnlyForDeploymentPostprocessing = 0;
			shellPath = /bin/sh;
			shellScript = "\"${PODS_ROOT}/Target Support Files/Pods-GyroTest/Pods-GyroTest-frameworks.sh\"\n";
			showEnvVarsInLog = 0;
		};
		9AE0D5E1EA087E9B8699F270 /* [CP] Check Pods Manifest.lock */ = {
			isa = PBXShellScriptBuildPhase;
			buildActionMask = 2147483647;
			files = (
			);
			inputFileListPaths = (
			);
			inputPaths = (
				"${PODS_PODFILE_DIR_PATH}/Podfile.lock",
				"${PODS_ROOT}/Manifest.lock",
			);
			name = "[CP] Check Pods Manifest.lock";
			outputFileListPaths = (
			);
			outputPaths = (
				"$(DERIVED_FILE_DIR)/Pods-GyroTest-checkManifestLockResult.txt",
			);
			runOnlyForDeploymentPostprocessing = 0;
			shellPath = /bin/sh;
			shellScript = "diff \"${PODS_PODFILE_DIR_PATH}/Podfile.lock\" \"${PODS_ROOT}/Manifest.lock\" > /dev/null\nif [ $? != 0 ] ; then\n    # print error to STDERR\n    echo \"error: The sandbox is not in sync with the Podfile.lock. Run 'pod install' or update your CocoaPods installation.\" >&2\n    exit 1\nfi\n# This output is used by Xcode 'outputs' to avoid re-running this script phase.\necho \"SUCCESS\" > \"${SCRIPT_OUTPUT_FILE_0}\"\n";
			showEnvVarsInLog = 0;
		};
/* End PBXShellScriptBuildPhase section */

/* Begin PBXSourcesBuildPhase section */
		E7EC3176228846B10063CBE9 /* Sources */ = {
			isa = PBXSourcesBuildPhase;
			buildActionMask = 2147483647;
			files = (
				E7EC3180228846B10063CBE9 /* ViewController.swift in Sources */,
				E7EC317E228846B10063CBE9 /* AppDelegate.swift in Sources */,
			);
			runOnlyForDeploymentPostprocessing = 0;
		};
/* End PBXSourcesBuildPhase section */

/* Begin PBXVariantGroup section */
		E7EC3181228846B10063CBE9 /* Main.storyboard */ = {
			isa = PBXVariantGroup;
			children = (
				E7EC3182228846B10063CBE9 /* Base */,
			);
			name = Main.storyboard;
			sourceTree = "<group>";
		};
		E7EC3186228846B20063CBE9 /* LaunchScreen.storyboard */ = {
			isa = PBXVariantGroup;
			children = (
				E7EC3187228846B20063CBE9 /* Base */,
			);
			name = LaunchScreen.storyboard;
			sourceTree = "<group>";
		};
/* End PBXVariantGroup section */

/* Begin XCBuildConfiguration section */
		E7EC318A228846B20063CBE9 /* Debug */ = {
			isa = XCBuildConfiguration;
			buildSettings = {
				ALWAYS_SEARCH_USER_PATHS = NO;
				CLANG_ANALYZER_NONNULL = YES;
				CLANG_ANALYZER_NUMBER_OBJECT_CONVERSION = YES_AGGRESSIVE;
				CLANG_CXX_LANGUAGE_STANDARD = "gnu++14";
				CLANG_CXX_LIBRARY = "libc++";
				CLANG_ENABLE_MODULES = YES;
				CLANG_ENABLE_OBJC_ARC = YES;
				CLANG_ENABLE_OBJC_WEAK = YES;
				CLANG_WARN_BLOCK_CAPTURE_AUTORELEASING = YES;
				CLANG_WARN_BOOL_CONVERSION = YES;
				CLANG_WARN_COMMA = YES;
				CLANG_WARN_CONSTANT_CONVERSION = YES;
				CLANG_WARN_DEPRECATED_OBJC_IMPLEMENTATIONS = YES;
				CLANG_WARN_DIRECT_OBJC_ISA_USAGE = YES_ERROR;
				CLANG_WARN_DOCUMENTATION_COMMENTS = YES;
				CLANG_WARN_EMPTY_BODY = YES;
				CLANG_WARN_ENUM_CONVERSION = YES;
				CLANG_WARN_INFINITE_RECURSION = YES;
				CLANG_WARN_INT_CONVERSION = YES;
				CLANG_WARN_NON_LITERAL_NULL_CONVERSION = YES;
				CLANG_WARN_OBJC_IMPLICIT_RETAIN_SELF = YES;
				CLANG_WARN_OBJC_LITERAL_CONVERSION = YES;
				CLANG_WARN_OBJC_ROOT_CLASS = YES_ERROR;
				CLANG_WARN_RANGE_LOOP_ANALYSIS = YES;
				CLANG_WARN_STRICT_PROTOTYPES = YES;
				CLANG_WARN_SUSPICIOUS_MOVE = YES;
				CLANG_WARN_UNGUARDED_AVAILABILITY = YES_AGGRESSIVE;
				CLANG_WARN_UNREACHABLE_CODE = YES;
				CLANG_WARN__DUPLICATE_METHOD_MATCH = YES;
				CODE_SIGN_IDENTITY = "iPhone Developer";
				COPY_PHASE_STRIP = NO;
				DEBUG_INFORMATION_FORMAT = dwarf;
				ENABLE_STRICT_OBJC_MSGSEND = YES;
				ENABLE_TESTABILITY = YES;
				GCC_C_LANGUAGE_STANDARD = gnu11;
				GCC_DYNAMIC_NO_PIC = NO;
				GCC_NO_COMMON_BLOCKS = YES;
				GCC_OPTIMIZATION_LEVEL = 0;
				GCC_PREPROCESSOR_DEFINITIONS = (
					"DEBUG=1",
					"$(inherited)",
				);
				GCC_WARN_64_TO_32_BIT_CONVERSION = YES;
				GCC_WARN_ABOUT_RETURN_TYPE = YES_ERROR;
				GCC_WARN_UNDECLARED_SELECTOR = YES;
				GCC_WARN_UNINITIALIZED_AUTOS = YES_AGGRESSIVE;
				GCC_WARN_UNUSED_FUNCTION = YES;
				GCC_WARN_UNUSED_VARIABLE = YES;
				IPHONEOS_DEPLOYMENT_TARGET = 12.2;
				MTL_ENABLE_DEBUG_INFO = INCLUDE_SOURCE;
				MTL_FAST_MATH = YES;
				ONLY_ACTIVE_ARCH = YES;
				SDKROOT = iphoneos;
				SWIFT_ACTIVE_COMPILATION_CONDITIONS = DEBUG;
				SWIFT_OPTIMIZATION_LEVEL = "-Onone";
			};
			name = Debug;
		};
		E7EC318B228846B20063CBE9 /* Release */ = {
			isa = XCBuildConfiguration;
			buildSettings = {
				ALWAYS_SEARCH_USER_PATHS = NO;
				CLANG_ANALYZER_NONNULL = YES;
				CLANG_ANALYZER_NUMBER_OBJECT_CONVERSION = YES_AGGRESSIVE;
				CLANG_CXX_LANGUAGE_STANDARD = "gnu++14";
				CLANG_CXX_LIBRARY = "libc++";
				CLANG_ENABLE_MODULES = YES;
				CLANG_ENABLE_OBJC_ARC = YES;
				CLANG_ENABLE_OBJC_WEAK = YES;
				CLANG_WARN_BLOCK_CAPTURE_AUTORELEASING = YES;
				CLANG_WARN_BOOL_CONVERSION = YES;
				CLANG_WARN_COMMA = YES;
				CLANG_WARN_CONSTANT_CONVERSION = YES;
				CLANG_WARN_DEPRECATED_OBJC_IMPLEMENTATIONS = YES;
				CLANG_WARN_DIRECT_OBJC_ISA_USAGE = YES_ERROR;
				CLANG_WARN_DOCUMENTATION_COMMENTS = YES;
				CLANG_WARN_EMPTY_BODY = YES;
				CLANG_WARN_ENUM_CONVERSION = YES;
				CLANG_WARN_INFINITE_RECURSION = YES;
				CLANG_WARN_INT_CONVERSION = YES;
				CLANG_WARN_NON_LITERAL_NULL_CONVERSION = YES;
				CLANG_WARN_OBJC_IMPLICIT_RETAIN_SELF = YES;
				CLANG_WARN_OBJC_LITERAL_CONVERSION = YES;
				CLANG_WARN_OBJC_ROOT_CLASS = YES_ERROR;
				CLANG_WARN_RANGE_LOOP_ANALYSIS = YES;
				CLANG_WARN_STRICT_PROTOTYPES = YES;
				CLANG_WARN_SUSPICIOUS_MOVE = YES;
				CLANG_WARN_UNGUARDED_AVAILABILITY = YES_AGGRESSIVE;
				CLANG_WARN_UNREACHABLE_CODE = YES;
				CLANG_WARN__DUPLICATE_METHOD_MATCH = YES;
				CODE_SIGN_IDENTITY = "iPhone Developer";
				COPY_PHASE_STRIP = NO;
				DEBUG_INFORMATION_FORMAT = "dwarf-with-dsym";
				ENABLE_NS_ASSERTIONS = NO;
				ENABLE_STRICT_OBJC_MSGSEND = YES;
				GCC_C_LANGUAGE_STANDARD = gnu11;
				GCC_NO_COMMON_BLOCKS = YES;
				GCC_WARN_64_TO_32_BIT_CONVERSION = YES;
				GCC_WARN_ABOUT_RETURN_TYPE = YES_ERROR;
				GCC_WARN_UNDECLARED_SELECTOR = YES;
				GCC_WARN_UNINITIALIZED_AUTOS = YES_AGGRESSIVE;
				GCC_WARN_UNUSED_FUNCTION = YES;
				GCC_WARN_UNUSED_VARIABLE = YES;
				IPHONEOS_DEPLOYMENT_TARGET = 12.2;
				MTL_ENABLE_DEBUG_INFO = NO;
				MTL_FAST_MATH = YES;
				SDKROOT = iphoneos;
				SWIFT_COMPILATION_MODE = wholemodule;
				SWIFT_OPTIMIZATION_LEVEL = "-O";
				VALIDATE_PRODUCT = YES;
			};
			name = Release;
		};
		E7EC318D228846B20063CBE9 /* Debug */ = {
			isa = XCBuildConfiguration;
			baseConfigurationReference = 21C5CB4919729FC38D873312 /* Pods-GyroTest.debug.xcconfig */;
			buildSettings = {
				ASSETCATALOG_COMPILER_APPICON_NAME = AppIcon;
				CODE_SIGN_STYLE = Automatic;
				DEVELOPMENT_TEAM = D2B3JPR4TJ;
				INFOPLIST_FILE = GyroTest/Info.plist;
				LD_RUNPATH_SEARCH_PATHS = (
					"$(inherited)",
					"@executable_path/Frameworks",
				);
				PRODUCT_BUNDLE_IDENTIFIER = jp.kei.GyroTest;
				PRODUCT_NAME = "$(TARGET_NAME)";
				SWIFT_VERSION = 5.0;
				TARGETED_DEVICE_FAMILY = "1,2";
			};
			name = Debug;
		};
		E7EC318E228846B20063CBE9 /* Release */ = {
			isa = XCBuildConfiguration;
			baseConfigurationReference = 9A6BB6F3C27BD51E42CF61AC /* Pods-GyroTest.release.xcconfig */;
			buildSettings = {
				ASSETCATALOG_COMPILER_APPICON_NAME = AppIcon;
				CODE_SIGN_STYLE = Automatic;
				DEVELOPMENT_TEAM = D2B3JPR4TJ;
				INFOPLIST_FILE = GyroTest/Info.plist;
				LD_RUNPATH_SEARCH_PATHS = (
					"$(inherited)",
					"@executable_path/Frameworks",
				);
				PRODUCT_BUNDLE_IDENTIFIER = jp.kei.GyroTest;
				PRODUCT_NAME = "$(TARGET_NAME)";
				SWIFT_VERSION = 5.0;
				TARGETED_DEVICE_FAMILY = "1,2";
			};
			name = Release;
		};
/* End XCBuildConfiguration section */

/* Begin XCConfigurationList section */
		E7EC3175228846B10063CBE9 /* Build configuration list for PBXProject "GyroTest" */ = {
			isa = XCConfigurationList;
			buildConfigurations = (
				E7EC318A228846B20063CBE9 /* Debug */,
				E7EC318B228846B20063CBE9 /* Release */,
			);
			defaultConfigurationIsVisible = 0;
			defaultConfigurationName = Release;
		};
		E7EC318C228846B20063CBE9 /* Build configuration list for PBXNativeTarget "GyroTest" */ = {
			isa = XCConfigurationList;
			buildConfigurations = (
				E7EC318D228846B20063CBE9 /* Debug */,
				E7EC318E228846B20063CBE9 /* Release */,
			);
			defaultConfigurationIsVisible = 0;
			defaultConfigurationName = Release;
		};
/* End XCConfigurationList section */
	};
	rootObject = E7EC3172228846B10063CBE9 /* Project object */;
}
